
Microsoft Visual Studio Solution File, Format Version 12.00
# Visual Studio Version 16
VisualStudioVersion = 16.0.29728.190
MinimumVisualStudioVersion = 10.0.40219.1
Project("{FAE04EC0-301F-11D3-BF4B-00C04F79EFBC}") = "CoreApp", "CoreApp\CoreApp.csproj", "{CADE73CB-5C41-4101-A3D0-389599C04A02}"
EndProject
Project("{2150E333-8FDC-42A3-9474-1A3956D46DE8}") = "Solution Items", "Solution Items", "{DB80A494-80E4-4180-B8BB-F007EA8E0697}"
	ProjectSection(SolutionItems) = preProject
		.editorconfig = .editorconfig
	EndProjectSection
EndProject
Global
	GlobalSection(SolutionConfigurationPlatforms) = preSolution
		Debug|Any CPU = Debug|Any CPU
		Debug|x86 = Debug|x86
		Release|Any CPU = Release|Any CPU
		Release|x86 = Release|x86
	EndGlobalSection
	GlobalSection(ProjectConfigurationPlatforms) = postSolution
		{CADE73CB-5C41-4101-A3D0-389599C04A02}.Debug|Any CPU.ActiveCfg = Debug|x86
		{CADE73CB-5C41-4101-A3D0-389599C04A02}.Debug|Any CPU.Build.0 = Debug|x86
		{CADE73CB-5C41-4101-A3D0-389599C04A02}.Debug|x86.ActiveCfg = Release|x86
		{CADE73CB-5C41-4101-A3D0-389599C04A02}.Debug|x86.Build.0 = Release|x86
		{CADE73CB-5C41-4101-A3D0-389599C04A02}.Release|Any CPU.ActiveCfg = Release|Any CPU
		{CADE73CB-5C41-4101-A3D0-389599C04A02}.Release|Any CPU.Build.0 = Release|Any CPU
		{CADE73CB-5C41-4101-A3D0-389599C04A02}.Release|x86.ActiveCfg = Release|x86
		{CADE73CB-5C41-4101-A3D0-389599C04A02}.Release|x86.Build.0 = Release|x86
	EndGlobalSection
	GlobalSection(SolutionProperties) = preSolution
		HideSolutionNode = FALSE
	EndGlobalSection
	GlobalSection(ExtensibilityGlobals) = postSolution
		SolutionGuid = {29EBC762-4247-4F87-8227-D81812F54EA6}
	EndGlobalSection
EndGlobal
